
Microsoft Visual Studio Solution File, Format Version 12.00
# Visual Studio Version 16
VisualStudioVersion = 16.0.28803.202
MinimumVisualStudioVersion = 10.0.40219.1
Project("{FAE04EC0-301F-11D3-BF4B-00C04F79EFBC}") = "Cellular_Automaton", "1D Cellular Automata\Cellular_Automaton.csproj", "{22A0E9EC-D418-4926-A40F-316B06C52619}"
EndProject
Global
	GlobalSection(SolutionConfigurationPlatforms) = preSolution
		Debug|Any CPU = Debug|Any CPU
		Release|Any CPU = Release|Any CPU
	EndGlobalSection
	GlobalSection(ProjectConfigurationPlatforms) = postSolution
		{22A0E9EC-D418-4926-A40F-316B06C52619}.Debug|Any CPU.ActiveCfg = Debug|Any CPU
		{22A0E9EC-D418-4926-A40F-316B06C52619}.Debug|Any CPU.Build.0 = Debug|Any CPU
		{22A0E9EC-D418-4926-A40F-316B06C52619}.Release|Any CPU.ActiveCfg = Release|Any CPU
		{22A0E9EC-D418-4926-A40F-316B06C52619}.Release|Any CPU.Build.0 = Release|Any CPU
	EndGlobalSection
	GlobalSection(SolutionProperties) = preSolution
		HideSolutionNode = FALSE
	EndGlobalSection
	GlobalSection(ExtensibilityGlobals) = postSolution
		SolutionGuid = {150243A3-FC12-49C4-8B36-33B41AB90AB8}
	EndGlobalSection
EndGlobal
